{
  "name": "signature",
  "lockfileVersion": 2,
  "requires": true,
  "packages": {
    "": {
      "dependencies": {
        "file-saver": "^2.0.5",
        "signature_pad": "^4.1.4"
      }
    },
    "node_modules/file-saver": {
      "version": "2.0.5",
      "resolved": "https://registry.npmjs.org/file-saver/-/file-saver-2.0.5.tgz",
      "integrity": "sha512-P9bmyZ3h/PRG+Nzga+rbdI4OEpNDzAVyy74uVO9ATgzLK6VtAsYybF/+TOCvrc0MO793d6+42lLyZTw7/ArVzA=="
    },
    "node_modules/signature_pad": {
      "version": "4.1.4",
      "resolved": "https://registry.npmjs.org/signature_pad/-/signature_pad-4.1.4.tgz",
      "integrity": "sha512-NKLm9uhRfEPl8cdbbyYAiPsoJ3slIo1AyKg3tzwy8OCX2zQc6jrccUlgMBTJPcUsZXNU8o6fy7iX33rtYSoQHQ=="
    }
  },
  "dependencies": {
    "file-saver": {
      "version": "2.0.5",
      "resolved": "https://registry.npmjs.org/file-saver/-/file-saver-2.0.5.tgz",
      "integrity": "sha512-P9bmyZ3h/PRG+Nzga+rbdI4OEpNDzAVyy74uVO9ATgzLK6VtAsYybF/+TOCvrc0MO793d6+42lLyZTw7/ArVzA=="
    },
    "signature_pad": {
      "version": "4.1.4",
      "resolved": "https://registry.npmjs.org/signature_pad/-/signature_pad-4.1.4.tgz",
      "integrity": "sha512-NKLm9uhRfEPl8cdbbyYAiPsoJ3slIo1AyKg3tzwy8OCX2zQc6jrccUlgMBTJPcUsZXNU8o6fy7iX33rtYSoQHQ=="
    }
  }
}
